Microsoft Visual Studio Solution File, Format Version 12.00
# Visual Studio Version 17
VisualStudioVersion = 17.9.34321.82
MinimumVisualStudioVersion = 10.0.40219.1
Project("{FAE04EC0-301F-11D3-BF4B-00C04F79EFBC}") = "Aspire500MinimalRepo.AppHost", "Aspire500MinimalRepo.AppHost\Aspire500MinimalRepo.AppHost.csproj", "{96B07FC6-0189-4E27-9058-B422FA74D14E}"
EndProject
Project("{9A19103F-16F7-4668-BE54-9A1E7A4F7556}") = "Aspire500MinimalRepo.ServiceDefaults", "Aspire500MinimalRepo.ServiceDefaults\Aspire500MinimalRepo.ServiceDefaults.csproj", "{9A65550C-129A-42C8-BE00-9F49152A530E}"
EndProject
Project("{9A19103F-16F7-4668-BE54-9A1E7A4F7556}") = "WebApplication1", "WebApplication1\WebApplication1.csproj", "{62318EA6-3A53-4850-A064-03DF6C4D77DB}"
EndProject
Global
	GlobalSection(SolutionConfigurationPlatforms) = preSolution
		Debug|Any CPU = Debug|Any CPU
		Release|Any CPU = Release|Any CPU
	EndGlobalSection
	GlobalSection(ProjectConfigurationPlatforms) = postSolution
		{96B07FC6-0189-4E27-9058-B422FA74D14E}.Debug|Any CPU.ActiveCfg = Debug|Any CPU
		{96B07FC6-0189-4E27-9058-B422FA74D14E}.Debug|Any CPU.Build.0 = Debug|Any CPU
		{96B07FC6-0189-4E27-9058-B422FA74D14E}.Release|Any CPU.ActiveCfg = Release|Any CPU
		{96B07FC6-0189-4E27-9058-B422FA74D14E}.Release|Any CPU.Build.0 = Release|Any CPU
		{9A65550C-129A-42C8-BE00-9F49152A530E}.Debug|Any CPU.ActiveCfg = Debug|Any CPU
		{9A65550C-129A-42C8-BE00-9F49152A530E}.Debug|Any CPU.Build.0 = Debug|Any CPU
		{9A65550C-129A-42C8-BE00-9F49152A530E}.Release|Any CPU.ActiveCfg = Release|Any CPU
		{9A65550C-129A-42C8-BE00-9F49152A530E}.Release|Any CPU.Build.0 = Release|Any CPU
		{62318EA6-3A53-4850-A064-03DF6C4D77DB}.Debug|Any CPU.ActiveCfg = Debug|Any CPU
		{62318EA6-3A53-4850-A064-03DF6C4D77DB}.Debug|Any CPU.Build.0 = Debug|Any CPU
		{62318EA6-3A53-4850-A064-03DF6C4D77DB}.Release|Any CPU.ActiveCfg = Release|Any CPU
		{62318EA6-3A53-4850-A064-03DF6C4D77DB}.Release|Any CPU.Build.0 = Release|Any CPU
	EndGlobalSection
	GlobalSection(SolutionProperties) = preSolution
		HideSolutionNode = FALSE
	EndGlobalSection
	GlobalSection(ExtensibilityGlobals) = postSolution
		SolutionGuid = {031F5268-5D1C-4828-9445-1DFF65DD6770}
	EndGlobalSection
EndGlobal
